github.com/pkg/errors v0.9.1 h1:FEBLx1zS214owpjy7qsBeixbURkuhQAwrK5UwLGTwt4=
github.com/pkg/errors v0.9.1/go.mod h1:bwawxfHBFNV+L2hUp1rHADufV3IMtnDRdf1r5NINEl0=
github.com/simpleforce/simpleforce v0.0.0-20200222080651-7a01fe74c3db h1:QG+6EXPnlW7H5SJNWKyYjs795UnrZIb4VXnX7jzVtdM=
github.com/simpleforce/simpleforce v0.0.0-20200222080651-7a01fe74c3db/go.mod h1:abS7k7nPhcNtzsAsfzOedGmI7yU0PDzQVwlHJZwGgOs=
